{
  "nodes": {
    "akash-src": {
      "flake": false,
      "locked": {
        "lastModified": 1648485085,
        "narHash": "sha256-33FPy0dn6QuqneEqZYkFoCRm9agG7PE+9C/pYH9Gwx4=",
        "owner": "ovrclk",
        "repo": "akash",
        "rev": "5b8b6bbede6c9fbb2df1ca536b8edfcf5652adf8",
        "type": "github"
      },
      "original": {
        "owner": "ovrclk",
        "ref": "v0.15.0-rc17",
        "repo": "akash",
        "type": "github"
      }
    },
    "apalache-src": {
      "flake": false,
      "locked": {
        "lastModified": 1650241137,
        "narHash": "sha256-15jzwbBc7ByxHJbpHmIukSNvih9oxTXeinNamgXirCU=",
        "owner": "informalsystems",
        "repo": "apalache",
        "rev": "40d9ec66b3defe8e72803ca9241a73366497eeee",
        "type": "github"
      },
      "original": {
        "owner": "informalsystems",
        "ref": "v0.24.0",
        "repo": "apalache",
        "type": "github"
      }
    },
    "cosmos-nix": {
      "inputs": {
        "akash-src": "akash-src",
        "apalache-src": "apalache-src",
        "cosmos-sdk-src": "cosmos-sdk-src",
        "crescent-src": "crescent-src",
        "evmos-src": "evmos-src",
        "flake-utils": "flake-utils",
        "gaia-main-src": "gaia-main-src",
        "gaia5-src": "gaia5-src",
        "gaia6-ordered-src": "gaia6-ordered-src",
        "gaia6-src": "gaia6-src",
        "gaia7-src": "gaia7-src",
        "gaia8-src": "gaia8-src",
        "ibc-go-v2-src": "ibc-go-v2-src",
        "ibc-go-v3-src": "ibc-go-v3-src",
        "ibc-go-v4-src": "ibc-go-v4-src",
        "ibc-go-v5-src": "ibc-go-v5-src",
        "ibc-go-v6-src": "ibc-go-v6-src",
        "ibc-go-v7-src": "ibc-go-v7-src",
        "ibc-rs-src": "ibc-rs-src",
        "ica-src": "ica-src",
        "ignite-cli-src": "ignite-cli-src",
        "interchain-security-src": "interchain-security-src",
        "iris-src": "iris-src",
        "ixo-src": "ixo-src",
        "juno-src": "juno-src",
        "nix-std": "nix-std",
        "nixpkgs": "nixpkgs",
        "osmosis-src": "osmosis-src",
        "osmosis6-src": "osmosis6-src",
        "osmosis7-src": "osmosis7-src",
        "osmosis8-src": "osmosis8-src",
        "pre-commit-hooks": "pre-commit-hooks",
        "regen-src": "regen-src",
        "relayer-src": "relayer-src",
        "rust-overlay": "rust-overlay",
        "sbt-derivation": "sbt-derivation",
        "sconfig-src": "sconfig-src",
        "sentinel-src": "sentinel-src",
        "sifchain-src": "sifchain-src",
        "stargaze-src": "stargaze-src",
        "stoml-src": "stoml-src",
        "stride-src": "stride-src",
        "terra-src": "terra-src",
        "ts-relayer-src": "ts-relayer-src",
        "umee-src": "umee-src",
        "wasmd-src": "wasmd-src",
        "wasmvm_0_16_3-src": "wasmvm_0_16_3-src",
        "wasmvm_1-src": "wasmvm_1-src",
        "wasmvm_1_1_1-src": "wasmvm_1_1_1-src",
        "wasmvm_1_beta7-src": "wasmvm_1_beta7-src"
      },
      "locked": {
        "lastModified": 1675778336,
        "narHash": "sha256-rrxSLRdMInR/Bjz/O2egGgnMT6nESY566yZZPeAX+IQ=",
        "owner": "informalsystems",
        "repo": "cosmos.nix",
        "rev": "baf12ceb6278c574d9521580474748220d18271e",
        "type": "github"
      },
      "original": {
        "owner": "informalsystems",
        "repo": "cosmos.nix",
        "type": "github"
      }
    },
    "cosmos-sdk-src": {
      "flake": false,
      "locked": {
        "lastModified": 1658846655,
        "narHash": "sha256-Xs83vbgt4+YH2LRJx7692nIjRBr5QCYoUHI17njsjlw=",
        "owner": "cosmos",
        "repo": "cosmos-sdk",
        "rev": "a1143138716b64bc4fa0aa53c0f0fa59eb675bb7",
        "type": "github"
      },
      "original": {
        "owner": "cosmos",
        "ref": "v0.46.0",
        "repo": "cosmos-sdk",
        "type": "github"
      }
    },
    "crescent-src": {
      "flake": false,
      "locked": {
        "lastModified": 1647869429,
        "narHash": "sha256-c1xiTB/HgtQJSwD3ccFQIoSHPbJK6rf1nSjnM3r0oCE=",
        "owner": "crescent-network",
        "repo": "crescent",
        "rev": "01980cfd06b06786109eaba78c154e6db1adc3d6",
        "type": "github"
      },
      "original": {
        "owner": "crescent-network",
        "ref": "v1.0.0-rc3",
        "repo": "crescent",
        "type": "github"
      }
    },
    "evmos-src": {
      "flake": false,
      "locked": {
        "lastModified": 1657722808,
        "narHash": "sha256-WHo4DEaTwJXs3QGSGIRxqkaJFS6D96/zyXVmkaH867s=",
        "owner": "tharsis",
        "repo": "evmos",
        "rev": "5f59c0f8393e15ff5894e6450567b534c498a428",
        "type": "github"
      },
      "original": {
        "owner": "tharsis",
        "ref": "v6.0.2",
        "repo": "evmos",
        "type": "github"
      }
    },
    "flake-compat": {
      "flake": false,
      "locked": {
        "lastModified": 1673956053,
        "narHash": "sha256-4gtG9iQuiKITOjNQQeQIpoIB6b16fm+504Ch3sNKLd8=",
        "owner": "edolstra",
        "repo": "flake-compat",
        "rev": "35bb57c0c8d8b62bbfd284272c928ceb64ddbde9",
        "type": "github"
      },
      "original": {
        "owner": "edolstra",
        "repo": "flake-compat",
        "type": "github"
      }
    },
    "flake-utils": {
      "locked": {
        "lastModified": 1649676176,
        "narHash": "sha256-OWKJratjt2RW151VUlJPRALb7OU2S5s+f0vLj4o1bHM=",
        "owner": "numtide",
        "repo": "flake-utils",
        "rev": "a4b154ebbdc88c8498a5c7b01589addc9e9cb678",
        "type": "github"
      },
      "original": {
        "owner": "numtide",
        "repo": "flake-utils",
        "type": "github"
      }
    },
    "flake-utils_2": {
      "locked": {
        "lastModified": 1656928814,
        "narHash": "sha256-RIFfgBuKz6Hp89yRr7+NR5tzIAbn52h8vT6vXkYjZoM=",
        "owner": "numtide",
        "repo": "flake-utils",
        "rev": "7e2a3b3dfd9af950a856d66b0a7d01e3c18aa249",
        "type": "github"
      },
      "original": {
        "owner": "numtide",
        "repo": "flake-utils",
        "type": "github"
      }
    },
    "flake-utils_3": {
      "locked": {
        "lastModified": 1667395993,
        "narHash": "sha256-nuEHfE/LcWyuSWnS8t12N1wc105Qtau+/OdUAjtQ0rA=",
        "owner": "numtide",
        "repo": "flake-utils",
        "rev": "5aed5285a952e0b949eb3ba02c12fa4fcfef535f",
        "type": "github"
      },
      "original": {
        "owner": "numtide",
        "repo": "flake-utils",
        "type": "github"
      }
    },
    "gaia-main-src": {
      "flake": false,
      "locked": {
        "lastModified": 1664958609,
        "narHash": "sha256-w9tJJXimf0AhYhgColCjdHGh14sAId0Svtz/hHNYNlI=",
        "owner": "cosmos",
        "repo": "gaia",
        "rev": "4d3a104f6ce6f441e6588cdb8fa6e600396ad3ac",
        "type": "github"
      },
      "original": {
        "owner": "cosmos",
        "repo": "gaia",
        "type": "github"
      }
    },
    "gaia5-src": {
      "flake": false,
      "locked": {
        "lastModified": 1634231239,
        "narHash": "sha256-NfR9GRBNBlm5hB3lFea+Vlf4dkapZIZg0sZuyOX2cn8=",
        "owner": "cosmos",
        "repo": "gaia",
        "rev": "b72cc994f7156c8a8991e6beed2dde84ad274588",
        "type": "github"
      },
      "original": {
        "owner": "cosmos",
        "ref": "v5.0.8",
        "repo": "gaia",
        "type": "github"
      }
    },
    "gaia6-ordered-src": {
      "flake": false,
      "locked": {
        "lastModified": 1648034337,
        "narHash": "sha256-yw3WUCLRvn46xlWAnk6nBmvc3T91aryvBcOOfJ2ocPA=",
        "owner": "informalsystems",
        "repo": "gaia",
        "rev": "d9e61fb98308dea2e02e8c6c6a9ab969dc240cc7",
        "type": "github"
      },
      "original": {
        "owner": "informalsystems",
        "ref": "v6.0.4-ordered",
        "repo": "gaia",
        "type": "github"
      }
    },
    "gaia6-src": {
      "flake": false,
      "locked": {
        "lastModified": 1646904235,
        "narHash": "sha256-JdD0DTdMo05ggGvpHN5hugEEtGA0/WQ4bhbryDlfGXo=",
        "owner": "cosmos",
        "repo": "gaia",
        "rev": "305668ab9d962431c79d718bb0ffdeec77a46439",
        "type": "github"
      },
      "original": {
        "owner": "cosmos",
        "ref": "v6.0.4",
        "repo": "gaia",
        "type": "github"
      }
    },
    "gaia7-src": {
      "flake": false,
      "locked": {
        "lastModified": 1665762684,
        "narHash": "sha256-hsDqDASwTPIb1BGOqa9nu4C5Y5q3hBoXYhkAFY7B9Cs=",
        "owner": "cosmos",
        "repo": "gaia",
        "rev": "5db8fcc9a229730f5115bed82d0f85b6db7184b4",
        "type": "github"
      },
      "original": {
        "owner": "cosmos",
        "ref": "v7.1.0",
        "repo": "gaia",
        "type": "github"
      }
    },
    "gaia8-src": {
      "flake": false,
      "locked": {
        "lastModified": 1673981273,
        "narHash": "sha256-NAeZrxbfo/bp8nz+FNbUJGAkzoqoYF3hJhET63LKKFc=",
        "owner": "cosmos",
        "repo": "gaia",
        "rev": "27234da8e9f2a9efacea2d9da06edaf190a6af30",
        "type": "github"
      },
      "original": {
        "owner": "cosmos",
        "ref": "v8.0.0-rc3",
        "repo": "gaia",
        "type": "github"
      }
    },
    "gitignore": {
      "inputs": {
        "nixpkgs": [
          "cosmos-nix",
          "pre-commit-hooks",
          "nixpkgs"
        ]
      },
      "locked": {
        "lastModified": 1660459072,
        "narHash": "sha256-8DFJjXG8zqoONA1vXtgeKXy68KdJL5UaXR8NtVMUbx8=",
        "owner": "hercules-ci",
        "repo": "gitignore.nix",
        "rev": "a20de23b925fd8264fd7fad6454652e142fd7f73",
        "type": "github"
      },
      "original": {
        "owner": "hercules-ci",
        "repo": "gitignore.nix",
        "type": "github"
      }
    },
    "ibc-go-v2-src": {
      "flake": false,
      "locked": {
        "lastModified": 1663274791,
        "narHash": "sha256-LuJvlXmGRyJAiM6+uk+NuamjIsEqMqF20twBmB0p8+k=",
        "owner": "cosmos",
        "repo": "ibc-go",
        "rev": "e45fa32d1cf91c36807428f688d8e2ec88947940",
        "type": "github"
      },
      "original": {
        "owner": "cosmos",
        "ref": "v2.4.1",
        "repo": "ibc-go",
        "type": "github"
      }
    },
    "ibc-go-v3-src": {
      "flake": false,
      "locked": {
        "lastModified": 1663683283,
        "narHash": "sha256-Er24B1unLYR/gG4JSrV+vZ/cPD6t7OFvtqp7AJCtDSE=",
        "owner": "cosmos",
        "repo": "ibc-go",
        "rev": "250157f3fd40abaf9f8f1452cd78bf3304c38c72",
        "type": "github"
      },
      "original": {
        "owner": "cosmos",
        "ref": "v3.3.0",
        "repo": "ibc-go",
        "type": "github"
      }
    },
    "ibc-go-v4-src": {
      "flake": false,
      "locked": {
        "lastModified": 1667809128,
        "narHash": "sha256-R1/AH6laXdaMftgwnV4t/pL3QoKnZ1UaBGoqOipOvQI=",
        "owner": "cosmos",
        "repo": "ibc-go",
        "rev": "ecb845d5e43f53decf48f8ed88c7847a9a4375cb",
        "type": "github"
      },
      "original": {
        "owner": "cosmos",
        "ref": "v4.2.0",
        "repo": "ibc-go",
        "type": "github"
      }
    },
    "ibc-go-v5-src": {
      "flake": false,
      "locked": {
        "lastModified": 1668024626,
        "narHash": "sha256-+Z78PyGODLr2Y5G8evubsoQE3tyUcxCHJDsLXKTmdlI=",
        "owner": "cosmos",
        "repo": "ibc-go",
        "rev": "c0acd5bd1778f2b7ecdf593006f56bd3e273bd49",
        "type": "github"
      },
      "original": {
        "owner": "cosmos",
        "ref": "v5.1.0",
        "repo": "ibc-go",
        "type": "github"
      }
    },
    "ibc-go-v6-src": {
      "flake": false,
      "locked": {
        "lastModified": 1671525236,
        "narHash": "sha256-V8kUNwgNfx1tZJazlnaTF6wBb7ztueh1KrAGgiP8hCM=",
        "owner": "cosmos",
        "repo": "ibc-go",
        "rev": "d34cef7e075dda1a24a0a3e9b6d3eff406cc606c",
        "type": "github"
      },
      "original": {
        "owner": "cosmos",
        "ref": "v6.1.0",
        "repo": "ibc-go",
        "type": "github"
      }
    },
    "ibc-go-v7-src": {
      "flake": false,
      "locked": {
        "lastModified": 1674120235,
        "narHash": "sha256-y2BRN5Ig4XSeT360LdwtsPtHud4JB33R3vXl/J+FHNM=",
        "owner": "cosmos",
        "repo": "ibc-go",
        "rev": "0a427c6d93e8f9d20c61b45e36f6e1fe73e37f37",
        "type": "github"
      },
      "original": {
        "owner": "cosmos",
        "repo": "ibc-go",
        "rev": "0a427c6d93e8f9d20c61b45e36f6e1fe73e37f37",
        "type": "github"
      }
    },
    "ibc-rs-src": {
      "flake": false,
      "locked": {
        "lastModified": 1661171856,
        "narHash": "sha256-M9KsPQdvyTArDe3sTi29+gfs69KHtpoNYLgI7IHYo9U=",
        "owner": "informalsystems",
        "repo": "ibc-rs",
        "rev": "ed4dd8c8b4ebd695730de2a1c69f3011cb179352",
        "type": "github"
      },
      "original": {
        "owner": "informalsystems",
        "ref": "v1.0.0",
        "repo": "ibc-rs",
        "type": "github"
      }
    },
    "ica-src": {
      "flake": false,
      "locked": {
        "lastModified": 1647255020,
        "narHash": "sha256-Ah5pivnAmk3W0fLWnrBbi84tqwJYQETSILSvNVH6fI8=",
        "owner": "cosmos",
        "repo": "interchain-accounts-demo",
        "rev": "09b6a493a84a135f395d74d5ec82ea983617a714",
        "type": "github"
      },
      "original": {
        "owner": "cosmos",
        "repo": "interchain-accounts-demo",
        "type": "github"
      }
    },
    "ignite-cli-src": {
      "flake": false,
      "locked": {
        "lastModified": 1662991379,
        "narHash": "sha256-sVgIjecswxD8OBXRXoVk2BNsTXzUcYAb6QZk0rVrQqo=",
        "owner": "ignite",
        "repo": "cli",
        "rev": "21c6430cfcc17c69885524990c448d4a3f56461c",
        "type": "github"
      },
      "original": {
        "owner": "ignite",
        "ref": "v0.24.0",
        "repo": "cli",
        "type": "github"
      }
    },
    "interchain-security-src": {
      "flake": false,
      "locked": {
        "lastModified": 1662985265,
        "narHash": "sha256-MhH5R1eEKel8nX1UIw4PAsSTPraP7ivrPU/+StqaD6U=",
        "owner": "cosmos",
        "repo": "interchain-security",
        "rev": "1162655c89221588d4b440717b2ca1c65170aec2",
        "type": "github"
      },
      "original": {
        "owner": "cosmos",
        "ref": "v0.1.4",
        "repo": "interchain-security",
        "type": "github"
      }
    },
    "iris-src": {
      "flake": false,
      "locked": {
        "lastModified": 1618986686,
        "narHash": "sha256-1nPJOuYeGjzBYFCS0IiC5j9TJd5KVa9IL0kROks328E=",
        "owner": "irisnet",
        "repo": "irishub",
        "rev": "53e156b2ee7eeb0b9d5b263066d0d3c88a1af736",
        "type": "github"
      },
      "original": {
        "owner": "irisnet",
        "ref": "v1.1.1",
        "repo": "irishub",
        "type": "github"
      }
    },
    "ixo-src": {
      "flake": false,
      "locked": {
        "lastModified": 1645476442,
        "narHash": "sha256-Ewp9UyoH6z7YGrcXVpYJveRvDq02c1mNZj2hzlOoW8s=",
        "owner": "ixofoundation",
        "repo": "ixo-blockchain",
        "rev": "2bef5d79205057be71677837dc1174be848e13e9",
        "type": "github"
      },
      "original": {
        "owner": "ixofoundation",
        "ref": "v0.18.0-rc1",
        "repo": "ixo-blockchain",
        "type": "github"
      }
    },
    "juno-src": {
      "flake": false,
      "locked": {
        "lastModified": 1647987514,
        "narHash": "sha256-Mtiin+GOH/dyrr7cO+18er+uwYjCpQDY8xhA+kkzniM=",
        "owner": "CosmosContracts",
        "repo": "juno",
        "rev": "9a1c32f508e6314fb73e57db35313cb329639424",
        "type": "github"
      },
      "original": {
        "owner": "CosmosContracts",
        "ref": "v2.3.0-beta.2",
        "repo": "juno",
        "type": "github"
      }
    },
    "nix-std": {
      "locked": {
        "lastModified": 1658944356,
        "narHash": "sha256-+nBrRSPsDIjrmLfLdiB/a22Gj4bhEF53ubWN0z33NJo=",
        "owner": "chessai",
        "repo": "nix-std",
        "rev": "9500903a19ef2720469578de0e10ce9e66623bdf",
        "type": "github"
      },
      "original": {
        "owner": "chessai",
        "repo": "nix-std",
        "type": "github"
      }
    },
    "nixpkgs": {
      "locked": {
        "lastModified": 1673947312,
        "narHash": "sha256-xx/2nRwRy3bXrtry6TtydKpJpqHahjuDB5sFkQ/XNDE=",
        "owner": "nixos",
        "repo": "nixpkgs",
        "rev": "2d38b664b4400335086a713a0036aafaa002c003",
        "type": "github"
      },
      "original": {
        "owner": "nixos",
        "ref": "nixpkgs-unstable",
        "repo": "nixpkgs",
        "type": "github"
      }
    },
    "nixpkgs-stable": {
      "locked": {
        "lastModified": 1673800717,
        "narHash": "sha256-SFHraUqLSu5cC6IxTprex/nTsI81ZQAtDvlBvGDWfnA=",
        "owner": "NixOS",
        "repo": "nixpkgs",
        "rev": "2f9fd351ec37f5d479556cd48be4ca340da59b8f",
        "type": "github"
      },
      "original": {
        "owner": "NixOS",
        "ref": "nixos-22.11",
        "repo": "nixpkgs",
        "type": "github"
      }
    },
    "nixpkgs_2": {
      "locked": {
        "lastModified": 1659102345,
        "narHash": "sha256-Vbzlz254EMZvn28BhpN8JOi5EuKqnHZ3ujFYgFcSGvk=",
        "owner": "NixOS",
        "repo": "nixpkgs",
        "rev": "11b60e4f80d87794a2a4a8a256391b37c59a1ea7",
        "type": "github"
      },
      "original": {
        "owner": "NixOS",
        "ref": "nixpkgs-unstable",
        "repo": "nixpkgs",
        "type": "github"
      }
    },
    "nixpkgs_3": {
      "locked": {
        "lastModified": 1675698036,
        "narHash": "sha256-BgsQkQewdlQi8gapJN4phpxkI/FCE/2sORBaFcYbp/A=",
        "owner": "nixos",
        "repo": "nixpkgs",
        "rev": "1046c7b92e908a1202c0f1ba3fc21d19e1cf1b62",
        "type": "github"
      },
      "original": {
        "owner": "nixos",
        "ref": "nixpkgs-unstable",
        "repo": "nixpkgs",
        "type": "github"
      }
    },
    "osmosis-src": {
      "flake": false,
      "locked": {
        "lastModified": 1664825894,
        "narHash": "sha256-AiGjvTxWt03ccNVgYfb/t2xXNdBDhw9y5eapGR8kxCI=",
        "owner": "osmosis-labs",
        "repo": "osmosis",
        "rev": "8329e9e7dfdd232430602d7f6a2b7df0e4acc1bd",
        "type": "github"
      },
      "original": {
        "owner": "osmosis-labs",
        "ref": "v12.1.0",
        "repo": "osmosis",
        "type": "github"
      }
    },
    "osmosis6-src": {
      "flake": false,
      "locked": {
        "lastModified": 1646678581,
        "narHash": "sha256-fGcz33PPA5dJ4J9vgfbYvBxNydu3/YuKSCf8pZkn5PM=",
        "owner": "osmosis-labs",
        "repo": "osmosis",
        "rev": "2b61fd38505dbcbad08e78c96b7ab17e7ae1c85d",
        "type": "github"
      },
      "original": {
        "owner": "osmosis-labs",
        "ref": "v6.4.1",
        "repo": "osmosis",
        "type": "github"
      }
    },
    "osmosis7-src": {
      "flake": false,
      "locked": {
        "lastModified": 1651600564,
        "narHash": "sha256-aY6L+5Iw5tu/QOZ1ZgZq163MCy4ZZDHVl53MhZ8AyS4=",
        "owner": "osmosis-labs",
        "repo": "osmosis",
        "rev": "ab02323b075e2573cd7a54736d705c88797d11c5",
        "type": "github"
      },
      "original": {
        "owner": "osmosis-labs",
        "ref": "v7.3.0",
        "repo": "osmosis",
        "type": "github"
      }
    },
    "osmosis8-src": {
      "flake": false,
      "locked": {
        "lastModified": 1652595598,
        "narHash": "sha256-upQzIJnzswT+HO6H0welw/X5n4F/K1k/dP4FQMOeC8Q=",
        "owner": "osmosis-labs",
        "repo": "osmosis",
        "rev": "16e3b51f19a58f815a4eabcbcee11886eb33e026",
        "type": "github"
      },
      "original": {
        "owner": "osmosis-labs",
        "ref": "v8.0.0",
        "repo": "osmosis",
        "type": "github"
      }
    },
    "pre-commit-hooks": {
      "inputs": {
        "flake-compat": "flake-compat",
        "flake-utils": [
          "cosmos-nix",
          "flake-utils"
        ],
        "gitignore": "gitignore",
        "nixpkgs": [
          "cosmos-nix",
          "nixpkgs"
        ],
        "nixpkgs-stable": "nixpkgs-stable"
      },
      "locked": {
        "lastModified": 1674122161,
        "narHash": "sha256-9QM4rvgUSEwO8DWtJN9sR/afEqrH1s3b6ACsZT5wiAM=",
        "owner": "cachix",
        "repo": "pre-commit-hooks.nix",
        "rev": "53e766957b73298fa68b47478c48cbcc005cc18a",
        "type": "github"
      },
      "original": {
        "owner": "cachix",
        "repo": "pre-commit-hooks.nix",
        "type": "github"
      }
    },
    "regen-src": {
      "flake": false,
      "locked": {
        "lastModified": 1645832054,
        "narHash": "sha256-lDb0/Bw4hAX71jsCQJUju1mKYNacWEVezx6+KdIdu6Q=",
        "owner": "regen-network",
        "repo": "regen-ledger",
        "rev": "5fb6268ed18a488ab88fb3bfa4b84e10892a7562",
        "type": "github"
      },
      "original": {
        "owner": "regen-network",
        "ref": "v3.0.0",
        "repo": "regen-ledger",
        "type": "github"
      }
    },
    "relayer-src": {
      "flake": false,
      "locked": {
        "lastModified": 1635197290,
        "narHash": "sha256-xD+xZG4Gb6557y/jkXTGdbt8qJ6izMgC4H3uo2/j5vU=",
        "owner": "cosmos",
        "repo": "relayer",
        "rev": "7797aa103af68faa4269af586fe6df1d30e91d4a",
        "type": "github"
      },
      "original": {
        "owner": "cosmos",
        "ref": "v1.0.0",
        "repo": "relayer",
        "type": "github"
      }
    },
    "root": {
      "inputs": {
        "cosmos-nix": "cosmos-nix",
        "flake-utils": "flake-utils_3",
        "nixpkgs": "nixpkgs_3"
      }
    },
    "rust-overlay": {
      "inputs": {
        "flake-utils": "flake-utils_2",
        "nixpkgs": "nixpkgs_2"
      },
      "locked": {
        "lastModified": 1664938250,
        "narHash": "sha256-LdLOcoyqX0cO6ceYdOo3O/aMWX10x4p14KdlH6DKl04=",
        "owner": "oxalica",
        "repo": "rust-overlay",
        "rev": "e6531ebf628998fd03f6e5f4e3939b34bfd374f3",
        "type": "github"
      },
      "original": {
        "owner": "oxalica",
        "repo": "rust-overlay",
        "type": "github"
      }
    },
    "sbt-derivation": {
      "locked": {
        "lastModified": 1617466857,
        "narHash": "sha256-Z7eWMLreLtiSiJ3nWDWBy1w9WNEFexkYCgT/dWZF7yo=",
        "owner": "zaninime",
        "repo": "sbt-derivation",
        "rev": "920b6f187937493371e2b1687261017e6e014cf1",
        "type": "github"
      },
      "original": {
        "owner": "zaninime",
        "repo": "sbt-derivation",
        "type": "github"
      }
    },
    "sconfig-src": {
      "flake": false,
      "locked": {
        "lastModified": 1594094862,
        "narHash": "sha256-jR2hkR0YlPyW2nKWJl90kL80R+9psNKGPYxGg7Y/YGw=",
        "owner": "freshautomations",
        "repo": "sconfig",
        "rev": "88043754c024aec433b3b059af170b6f555931c3",
        "type": "github"
      },
      "original": {
        "owner": "freshautomations",
        "repo": "sconfig",
        "type": "github"
      }
    },
    "sentinel-src": {
      "flake": false,
      "locked": {
        "lastModified": 1647195309,
        "narHash": "sha256-+ZobsjLNxVL3+zi6OEFQhff6Gbd9kng8B0haqcOoiP0=",
        "owner": "sentinel-official",
        "repo": "hub",
        "rev": "7001dc8bc4517efa33cfcc83e8b127528b5bdf2e",
        "type": "github"
      },
      "original": {
        "owner": "sentinel-official",
        "ref": "v0.9.0-rc0",
        "repo": "hub",
        "type": "github"
      }
    },
    "sifchain-src": {
      "flake": false,
      "locked": {
        "lastModified": 1648486445,
        "narHash": "sha256-n5fmWtdrc0Rhs6Uo+zjcSXmyEFVIsA5L9dlrbRXGDmU=",
        "owner": "Sifchain",
        "repo": "sifnode",
        "rev": "269cfadf6a4c08879247c2b8373323ae7239a425",
        "type": "github"
      },
      "original": {
        "owner": "Sifchain",
        "ref": "v0.12.1",
        "repo": "sifnode",
        "type": "github"
      }
    },
    "stargaze-src": {
      "flake": false,
      "locked": {
        "lastModified": 1645539964,
        "narHash": "sha256-5I5pdnBJHwNaI2Soet+zH3aH+pUbYdC9TgHBjOd1TmA=",
        "owner": "public-awesome",
        "repo": "stargaze",
        "rev": "6ee57f18714a6d94cc6205afcd1af2ab655f8f0f",
        "type": "github"
      },
      "original": {
        "owner": "public-awesome",
        "ref": "v3.0.0",
        "repo": "stargaze",
        "type": "github"
      }
    },
    "stoml-src": {
      "flake": false,
      "locked": {
        "lastModified": 1622172633,
        "narHash": "sha256-PvKkOjjWkmK90PzKcOBq0pUWLjHLjfYs9PRqqzAR7/8=",
        "owner": "freshautomations",
        "repo": "stoml",
        "rev": "f5dab84dbf52345a1f36389aec38b02fda086a47",
        "type": "github"
      },
      "original": {
        "owner": "freshautomations",
        "repo": "stoml",
        "type": "github"
      }
    },
    "stride-src": {
      "flake": false,
      "locked": {
        "lastModified": 1674783729,
        "narHash": "sha256-hTrfuVzmuSAhBnKk24yV2u6yekpf4DzOfB9l4WHDLZg=",
        "owner": "Stride-Labs",
        "repo": "stride",
        "rev": "bf9dc8d6badcf97e6b9c01aa8bfc09516036db1e",
        "type": "github"
      },
      "original": {
        "owner": "Stride-Labs",
        "ref": "v5.1.1",
        "repo": "stride",
        "type": "github"
      }
    },
    "terra-src": {
      "flake": false,
      "locked": {
        "lastModified": 1645516218,
        "narHash": "sha256-7cmVYWFLeOZJtbfw8qaVKLDMVafoeFDXOcrmrMS9buE=",
        "owner": "terra-money",
        "repo": "core",
        "rev": "a6b93b72a7d4fabbbb85fb89e685426f5d07cac1",
        "type": "github"
      },
      "original": {
        "owner": "terra-money",
        "ref": "v0.5.17",
        "repo": "core",
        "type": "github"
      }
    },
    "ts-relayer-src": {
      "flake": false,
      "locked": {
        "lastModified": 1640291594,
        "narHash": "sha256-mSI+qgB+e9YcFrcUAgHQnbXOQ8wxO2GmD0wNe+3ya0g=",
        "owner": "confio",
        "repo": "ts-relayer",
        "rev": "23930794ddb64afcc80ac73ffe31ca69072c6549",
        "type": "github"
      },
      "original": {
        "owner": "confio",
        "ref": "v0.4.0",
        "repo": "ts-relayer",
        "type": "github"
      }
    },
    "umee-src": {
      "flake": false,
      "locked": {
        "lastModified": 1648176855,
        "narHash": "sha256-s7MnAaM+O84JDO1uBNZm1qGN6ZfYmhXD5rCvns4u/rc=",
        "owner": "umee-network",
        "repo": "umee",
        "rev": "3c9b8db04d6ab19d31e89df65232abc35d1a8a59",
        "type": "github"
      },
      "original": {
        "owner": "umee-network",
        "ref": "v2.0.0",
        "repo": "umee",
        "type": "github"
      }
    },
    "wasmd-src": {
      "flake": false,
      "locked": {
        "lastModified": 1669987561,
        "narHash": "sha256-F0p555FEeA405tuLn82yUEbRZpJLs85GrUKvSrjTdjk=",
        "owner": "CosmWasm",
        "repo": "wasmd",
        "rev": "a347ace2ff41539fe06c68168bc6f28d6ca9fa52",
        "type": "github"
      },
      "original": {
        "owner": "CosmWasm",
        "ref": "v0.30.0",
        "repo": "wasmd",
        "type": "github"
      }
    },
    "wasmvm_0_16_3-src": {
      "flake": false,
      "locked": {
        "lastModified": 1640251271,
        "narHash": "sha256-XvgAMDvAgzWaH7Q+mNZUBoaVhqAVlZ4ucIL0QFyNvWw=",
        "owner": "CosmWasm",
        "repo": "wasmvm",
        "rev": "458e983721624548e66c0dcdd35140383966515e",
        "type": "github"
      },
      "original": {
        "owner": "CosmWasm",
        "ref": "v0.16.3",
        "repo": "wasmvm",
        "type": "github"
      }
    },
    "wasmvm_1-src": {
      "flake": false,
      "locked": {
        "lastModified": 1652698028,
        "narHash": "sha256-4m64mPwFLz7aZEKVxM2lJQtX98BkhdKTZb3evpDOk/4=",
        "owner": "CosmWasm",
        "repo": "wasmvm",
        "rev": "bc49a2f4842d023c0038798f343b56f3f0530646",
        "type": "github"
      },
      "original": {
        "owner": "CosmWasm",
        "ref": "v1.0.0",
        "repo": "wasmvm",
        "type": "github"
      }
    },
    "wasmvm_1_1_1-src": {
      "flake": false,
      "locked": {
        "lastModified": 1663600745,
        "narHash": "sha256-9K/G7Wu/TfW4Z+lseEutXbdtr+A40nbVejBphegF5z4=",
        "owner": "CosmWasm",
        "repo": "wasmvm",
        "rev": "3d791055751e428f93f54f64c2d20d20da2ff2a9",
        "type": "github"
      },
      "original": {
        "owner": "CosmWasm",
        "ref": "v1.1.1",
        "repo": "wasmvm",
        "type": "github"
      }
    },
    "wasmvm_1_beta7-src": {
      "flake": false,
      "locked": {
        "lastModified": 1646675433,
        "narHash": "sha256-tt9aAPLxtIRsG1VFM1YAIHSotuBl170EiBcHSWTtARI=",
        "owner": "CosmWasm",
        "repo": "wasmvm",
        "rev": "f7015565a59255cd09ebfcbf9345f3c87666fedd",
        "type": "github"
      },
      "original": {
        "owner": "CosmWasm",
        "ref": "v1.0.0-beta7",
        "repo": "wasmvm",
        "type": "github"
      }
    }
  },
  "root": "root",
  "version": 7
}
